
Microsoft Visual Studio Solution File, Format Version 12.00
Project("{FAE04EC0-301F-11D3-BF4B-00C04F79EFBC}") = "Bookify.Api", "Bookify.Api\Bookify.Api.csproj", "{528C66A6-5381-49AF-B6AF-65D325D32967}"
EndProject
Project("{FAE04EC0-301F-11D3-BF4B-00C04F79EFBC}") = "Bookify.Domain", "Bookify.Domain\Bookify.Domain.csproj", "{0871ABED-913B-48AF-B101-579AB8E26A9D}"
EndProject
Project("{2150E333-8FDC-42A3-9474-1A3956D46DE8}") = "src", "src", "{3370DC3F-6C05-42AB-8CAA-672BC693E1F8}"
EndProject
Project("{FAE04EC0-301F-11D3-BF4B-00C04F79EFBC}") = "Bookify.Application", "Bookify.Application\Bookify.Application.csproj", "{2D823DC1-1A61-4EC7-9BA0-0AA6433E1351}"
EndProject
Project("{FAE04EC0-301F-11D3-BF4B-00C04F79EFBC}") = "Bookify.Infrastructure", "Bookify.Infrastructure\Bookify.Infrastructure.csproj", "{4E312F1E-EA04-4F83-A92B-FFDF10717E14}"
EndProject
Global
	GlobalSection(SolutionConfigurationPlatforms) = preSolution
		Debug|Any CPU = Debug|Any CPU
		Release|Any CPU = Release|Any CPU
	EndGlobalSection
	GlobalSection(ProjectConfigurationPlatforms) = postSolution
		{528C66A6-5381-49AF-B6AF-65D325D32967}.Debug|Any CPU.ActiveCfg = Debug|Any CPU
		{528C66A6-5381-49AF-B6AF-65D325D32967}.Debug|Any CPU.Build.0 = Debug|Any CPU
		{528C66A6-5381-49AF-B6AF-65D325D32967}.Release|Any CPU.ActiveCfg = Release|Any CPU
		{528C66A6-5381-49AF-B6AF-65D325D32967}.Release|Any CPU.Build.0 = Release|Any CPU
		{0871ABED-913B-48AF-B101-579AB8E26A9D}.Debug|Any CPU.ActiveCfg = Debug|Any CPU
		{0871ABED-913B-48AF-B101-579AB8E26A9D}.Debug|Any CPU.Build.0 = Debug|Any CPU
		{0871ABED-913B-48AF-B101-579AB8E26A9D}.Release|Any CPU.ActiveCfg = Release|Any CPU
		{0871ABED-913B-48AF-B101-579AB8E26A9D}.Release|Any CPU.Build.0 = Release|Any CPU
		{2D823DC1-1A61-4EC7-9BA0-0AA6433E1351}.Debug|Any CPU.ActiveCfg = Debug|Any CPU
		{2D823DC1-1A61-4EC7-9BA0-0AA6433E1351}.Debug|Any CPU.Build.0 = Debug|Any CPU
		{2D823DC1-1A61-4EC7-9BA0-0AA6433E1351}.Release|Any CPU.ActiveCfg = Release|Any CPU
		{2D823DC1-1A61-4EC7-9BA0-0AA6433E1351}.Release|Any CPU.Build.0 = Release|Any CPU
		{4E312F1E-EA04-4F83-A92B-FFDF10717E14}.Debug|Any CPU.ActiveCfg = Debug|Any CPU
		{4E312F1E-EA04-4F83-A92B-FFDF10717E14}.Debug|Any CPU.Build.0 = Debug|Any CPU
		{4E312F1E-EA04-4F83-A92B-FFDF10717E14}.Release|Any CPU.ActiveCfg = Release|Any CPU
		{4E312F1E-EA04-4F83-A92B-FFDF10717E14}.Release|Any CPU.Build.0 = Release|Any CPU
	EndGlobalSection
	GlobalSection(NestedProjects) = preSolution
		{528C66A6-5381-49AF-B6AF-65D325D32967} = {3370DC3F-6C05-42AB-8CAA-672BC693E1F8}
		{0871ABED-913B-48AF-B101-579AB8E26A9D} = {3370DC3F-6C05-42AB-8CAA-672BC693E1F8}
		{2D823DC1-1A61-4EC7-9BA0-0AA6433E1351} = {3370DC3F-6C05-42AB-8CAA-672BC693E1F8}
		{4E312F1E-EA04-4F83-A92B-FFDF10717E14} = {3370DC3F-6C05-42AB-8CAA-672BC693E1F8}
	EndGlobalSection
EndGlobal
